
Microsoft Visual Studio Solution File, Format Version 12.00
# Visual Studio Version 17
VisualStudioVersion = 17.3.32929.385
MinimumVisualStudioVersion = 10.0.40219.1
Project("{FAE04EC0-301F-11D3-BF4B-00C04F79EFBC}") = "Animation", "Animation\Animation.csproj", "{740BA70B-91C3-4B57-9799-73BF5222FFDC}"
EndProject
Global
	GlobalSection(SolutionConfigurationPlatforms) = preSolution
		Debug|Any CPU = Debug|Any CPU
		Release|Any CPU = Release|Any CPU
	EndGlobalSection
	GlobalSection(ProjectConfigurationPlatforms) = postSolution
		{740BA70B-91C3-4B57-9799-73BF5222FFDC}.Debug|Any CPU.ActiveCfg = Debug|Any CPU
		{740BA70B-91C3-4B57-9799-73BF5222FFDC}.Debug|Any CPU.Build.0 = Debug|Any CPU
		{740BA70B-91C3-4B57-9799-73BF5222FFDC}.Release|Any CPU.ActiveCfg = Release|Any CPU
		{740BA70B-91C3-4B57-9799-73BF5222FFDC}.Release|Any CPU.Build.0 = Release|Any CPU
	EndGlobalSection
	GlobalSection(SolutionProperties) = preSolution
		HideSolutionNode = FALSE
	EndGlobalSection
	GlobalSection(ExtensibilityGlobals) = postSolution
		SolutionGuid = {2AFA253B-DD86-458B-AEF1-7B6935A635D9}
	EndGlobalSection
EndGlobal
